{
    "_readme": [
        "This file locks the dependencies of your project to a known state",
        "Read more about it at https://getcomposer.org/doc/01-basic-usage.md#composer-lock-the-lock-file",
        "This file is @generated automatically"
    ],
    "hash": "8341061efdce8e7a91bf6d89c1cb0039",
    "content-hash": "be1e6b96936aabaccf721d699d7cc58c",
    "packages": [
        {
            "name": "buildok/helpers",
            "version": "1.0.0",
            "source": {
                "type": "git",
                "url": "https://github.com/buildok/helpers.git",
                "reference": "cc2bf69ed5fa0e1f04edbb9218979d3e7462472e"
            },
            "dist": {
                "type": "zip",
                "url": "https://api.github.com/repos/buildok/helpers/zipball/cc2bf69ed5fa0e1f04edbb9218979d3e7462472e",
                "reference": "cc2bf69ed5fa0e1f04edbb9218979d3e7462472e",
                "shasum": ""
            },
            "type": "package",
            "autoload": {
                "psr-4": {
                    "buildok\\helpers\\": "src"
                }
            },
            "notification-url": "https://packagist.org/downloads/",
            "time": "2017-01-20 09:31:38"
        }
    ],
    "packages-dev": [],
    "aliases": [],
    "minimum-stability": "stable",
    "stability-flags": [],
    "prefer-stable": false,
    "prefer-lowest": false,
    "platform": [],
    "platform-dev": []
}
